
Microsoft Visual Studio Solution File, Format Version 12.00
# Visual Studio Version 17
VisualStudioVersion = 17.4.33213.308
MinimumVisualStudioVersion = 10.0.40219.1
Project("{FAE04EC0-301F-11D3-BF4B-00C04F79EFBC}") = "TryCatch", "TryCatch\TryCatch.csproj", "{7EB70CD2-AD4D-427F-85D8-7FC66946BC57}"
EndProject
Global
	GlobalSection(SolutionConfigurationPlatforms) = preSolution
		Debug|Any CPU = Debug|Any CPU
		Release|Any CPU = Release|Any CPU
	EndGlobalSection
	GlobalSection(ProjectConfigurationPlatforms) = postSolution
		{7EB70CD2-AD4D-427F-85D8-7FC66946BC57}.Debug|Any CPU.ActiveCfg = Debug|Any CPU
		{7EB70CD2-AD4D-427F-85D8-7FC66946BC57}.Debug|Any CPU.Build.0 = Debug|Any CPU
		{7EB70CD2-AD4D-427F-85D8-7FC66946BC57}.Release|Any CPU.ActiveCfg = Release|Any CPU
		{7EB70CD2-AD4D-427F-85D8-7FC66946BC57}.Release|Any CPU.Build.0 = Release|Any CPU
	EndGlobalSection
	GlobalSection(SolutionProperties) = preSolution
		HideSolutionNode = FALSE
	EndGlobalSection
	GlobalSection(ExtensibilityGlobals) = postSolution
		SolutionGuid = {568EFE62-7157-41A8-B3B6-A2A8FDBBB675}
	EndGlobalSection
EndGlobal
